PODS:
  - CocoaAsyncSocket (7.6.3)
  - CocoaHTTPServer (2.3):
    - CocoaAsyncSocket
    - CocoaLumberjack
  - CocoaLumberjack (3.5.3):
    - CocoaLumberjack/Core (= 3.5.3)
  - CocoaLumberjack/Core (3.5.3)
  - HDWebAppShortcut (0.0.21):
    - CocoaHTTPServer
    - HDWebAppShortcut/Core (= 0.0.21)
  - HDWebAppShortcut/Core (0.0.21):
    - CocoaHTTPServer

DEPENDENCIES:
  - HDWebAppShortcut (from `../`)

SPEC REPOS:
  https://github.com/CocoaPods/Specs.git:
    - CocoaAsyncSocket
    - CocoaHTTPServer
    - CocoaLumberjack

EXTERNAL SOURCES:
  HDWebAppShortcut:
    :path: "../"

SPEC CHECKSUMS:
  CocoaAsyncSocket: eafaa68a7e0ec99ead0a7b35015e0bf25d2c8987
  CocoaHTTPServer: 5624681fc3473d43b18202f635f9b3abb013b530
  CocoaLumberjack: 2f44e60eb91c176d471fdba43b9e3eae6a721947
  HDWebAppShortcut: 08f65eb6de8ab2cdacad0c79a0df5e942280a27a

PODFILE CHECKSUM: 5adcec17ff1888b72e59389400af1905ee31606f

COCOAPODS: 1.10.0.beta.1
